
Microsoft Visual Studio Solution File, Format Version 12.00
# Visual Studio Version 17
VisualStudioVersion = 17.10.35004.147
MinimumVisualStudioVersion = 10.0.40219.1
Project("{FAE04EC0-301F-11D3-BF4B-00C04F79EFBC}") = "Bai15_DangNhap", "Bai15_DangNhap.csproj", "{5BD3CBD4-E8B8-4880-88D9-165636161EA1}"
EndProject
Project("{2150E333-8FDC-42A3-9474-1A3956D46DE8}") = "Solution Items", "Solution Items", "{19DC4D78-9E92-404A-9DEE-6207F1851FA7}"
EndProject
Global
	GlobalSection(SolutionConfigurationPlatforms) = preSolution
		Debug|Any CPU = Debug|Any CPU
		Release|Any CPU = Release|Any CPU
	EndGlobalSection
	GlobalSection(ProjectConfigurationPlatforms) = postSolution
		{5BD3CBD4-E8B8-4880-88D9-165636161EA1}.Debug|Any CPU.ActiveCfg = Debug|Any CPU
		{5BD3CBD4-E8B8-4880-88D9-165636161EA1}.Debug|Any CPU.Build.0 = Debug|Any CPU
		{5BD3CBD4-E8B8-4880-88D9-165636161EA1}.Release|Any CPU.ActiveCfg = Release|Any CPU
		{5BD3CBD4-E8B8-4880-88D9-165636161EA1}.Release|Any CPU.Build.0 = Release|Any CPU
	EndGlobalSection
	GlobalSection(SolutionProperties) = preSolution
		HideSolutionNode = FALSE
	EndGlobalSection
	GlobalSection(ExtensibilityGlobals) = postSolution
		SolutionGuid = {593F4AA5-3623-4A65-B856-F8962AE6F096}
	EndGlobalSection
EndGlobal
